
Microsoft Visual Studio Solution File, Format Version 12.00
# Visual Studio Version 16
VisualStudioVersion = 16.0.30717.126
MinimumVisualStudioVersion = 10.0.40219.1
Project("{8BC9CEB8-8B4A-11D0-8D11-00A0C91BC942}") = "imgcmp", "imgcmp.vcxproj", "{6EB407FD-B544-4911-A4AB-E3F77D02A50E}"
EndProject
Project("{8BC9CEB8-8B4A-11D0-8D11-00A0C91BC942}") = "imginfo", "imginfo.vcxproj", "{BA50C321-F5AC-4072-BFB3-C2939F9A19E1}"
EndProject
Project("{8BC9CEB8-8B4A-11D0-8D11-00A0C91BC942}") = "jasper", "jasper.vcxproj", "{98514567-5FC3-4C97-AA4D-7F4CE14C968F}"
EndProject
Project("{8BC9CEB8-8B4A-11D0-8D11-00A0C91BC942}") = "jiv", "jiv.vcxproj", "{66D19DEC-CDEF-49BC-BEE1-365EDBB84692}"
EndProject
Project("{8BC9CEB8-8B4A-11D0-8D11-00A0C91BC942}") = "libjasper", "libjasper.vcxproj", "{38617D35-461E-46FC-A629-EB3386F7D6BE}"
EndProject
Global
	GlobalSection(SolutionConfigurationPlatforms) = preSolution
		Debug|x86 = Debug|x86
		Release|x86 = Release|x86
		Template|x86 = Template|x86
	EndGlobalSection
	GlobalSection(ProjectConfigurationPlatforms) = postSolution
		{6EB407FD-B544-4911-A4AB-E3F77D02A50E}.Debug|x86.ActiveCfg = Debug|Win32
		{6EB407FD-B544-4911-A4AB-E3F77D02A50E}.Debug|x86.Build.0 = Debug|Win32
		{6EB407FD-B544-4911-A4AB-E3F77D02A50E}.Release|x86.ActiveCfg = Release|Win32
		{6EB407FD-B544-4911-A4AB-E3F77D02A50E}.Release|x86.Build.0 = Release|Win32
		{6EB407FD-B544-4911-A4AB-E3F77D02A50E}.Template|x86.ActiveCfg = Debug|Win32
		{6EB407FD-B544-4911-A4AB-E3F77D02A50E}.Template|x86.Build.0 = Debug|Win32
		{BA50C321-F5AC-4072-BFB3-C2939F9A19E1}.Debug|x86.ActiveCfg = Debug|Win32
		{BA50C321-F5AC-4072-BFB3-C2939F9A19E1}.Debug|x86.Build.0 = Debug|Win32
		{BA50C321-F5AC-4072-BFB3-C2939F9A19E1}.Release|x86.ActiveCfg = Release|Win32
		{BA50C321-F5AC-4072-BFB3-C2939F9A19E1}.Release|x86.Build.0 = Release|Win32
		{BA50C321-F5AC-4072-BFB3-C2939F9A19E1}.Template|x86.ActiveCfg = Template|Win32
		{BA50C321-F5AC-4072-BFB3-C2939F9A19E1}.Template|x86.Build.0 = Template|Win32
		{98514567-5FC3-4C97-AA4D-7F4CE14C968F}.Debug|x86.ActiveCfg = Debug|Win32
		{98514567-5FC3-4C97-AA4D-7F4CE14C968F}.Debug|x86.Build.0 = Debug|Win32
		{98514567-5FC3-4C97-AA4D-7F4CE14C968F}.Release|x86.ActiveCfg = Release|Win32
		{98514567-5FC3-4C97-AA4D-7F4CE14C968F}.Release|x86.Build.0 = Release|Win32
		{98514567-5FC3-4C97-AA4D-7F4CE14C968F}.Template|x86.ActiveCfg = Template|Win32
		{98514567-5FC3-4C97-AA4D-7F4CE14C968F}.Template|x86.Build.0 = Template|Win32
		{66D19DEC-CDEF-49BC-BEE1-365EDBB84692}.Debug|x86.ActiveCfg = Debug|Win32
		{66D19DEC-CDEF-49BC-BEE1-365EDBB84692}.Debug|x86.Build.0 = Debug|Win32
		{66D19DEC-CDEF-49BC-BEE1-365EDBB84692}.Release|x86.ActiveCfg = Release|Win32
		{66D19DEC-CDEF-49BC-BEE1-365EDBB84692}.Release|x86.Build.0 = Release|Win32
		{66D19DEC-CDEF-49BC-BEE1-365EDBB84692}.Template|x86.ActiveCfg = Template|Win32
		{66D19DEC-CDEF-49BC-BEE1-365EDBB84692}.Template|x86.Build.0 = Template|Win32
		{38617D35-461E-46FC-A629-EB3386F7D6BE}.Debug|x86.ActiveCfg = Debug|Win32
		{38617D35-461E-46FC-A629-EB3386F7D6BE}.Debug|x86.Build.0 = Debug|Win32
		{38617D35-461E-46FC-A629-EB3386F7D6BE}.Release|x86.ActiveCfg = Release|Win32
		{38617D35-461E-46FC-A629-EB3386F7D6BE}.Release|x86.Build.0 = Release|Win32
		{38617D35-461E-46FC-A629-EB3386F7D6BE}.Template|x86.ActiveCfg = Template|Win32
		{38617D35-461E-46FC-A629-EB3386F7D6BE}.Template|x86.Build.0 = Template|Win32
	EndGlobalSection
	GlobalSection(SolutionProperties) = preSolution
		HideSolutionNode = FALSE
	EndGlobalSection
	GlobalSection(ExtensibilityGlobals) = postSolution
		SolutionGuid = {DE6C00D3-E92B-4E31-AADA-CC4117833ABD}
	EndGlobalSection
EndGlobal
